// !$*UTF8*$!
{
	archiveVersion = 1;
	classes = {
	};
	objectVersion = 50;
	objects = {

/* Begin PBXBuildFile section */
		C56D6D7D24F0CE9A0073300B /* AppDelegate.swift in Sources */ = {isa = PBXBuildFile; fileRef = C56D6D7C24F0CE9A0073300B /* AppDelegate.swift */; };
		C56D6D7F24F0CE9A0073300B /* SceneDelegate.swift in Sources */ = {isa = PBXBuildFile; fileRef = C56D6D7E24F0CE9A0073300B /* SceneDelegate.swift */; };
		C56D6D8124F0CE9A0073300B /* ViewController.swift in Sources */ = {isa = PBXBuildFile; fileRef = C56D6D8024F0CE9A0073300B /* ViewController.swift */; };
		C56D6D8424F0CE9A0073300B /* Main.storyboard in Resources */ = {isa = PBXBuildFile; fileRef = C56D6D8224F0CE9A0073300B /* Main.storyboard */; };
		C56D6D8624F0CE9C0073300B /* Assets.xcassets in Resources */ = {isa = PBXBuildFile; fileRef = C56D6D8524F0CE9C0073300B /* Assets.xcassets */; };
		C56D6D8924F0CE9C0073300B /* LaunchScreen.storyboard in Resources */ = {isa = PBXBuildFile; fileRef = C56D6D8724F0CE9C0073300B /* LaunchScreen.storyboard */; };
		C56D6D9124F0EDE80073300B /* CardModel.swift in Sources */ = {isa = PBXBuildFile; fileRef = C56D6D9024F0EDE80073300B /* CardModel.swift */; };
		C56D6D9324F0EEC50073300B /* Card.swift in Sources */ = {isa = PBXBuildFile; fileRef = C56D6D9224F0EEC50073300B /* Card.swift */; };
		C56D6D9524F0F70F0073300B /* CardCollectionViewCell.swift in Sources */ = {isa = PBXBuildFile; fileRef = C56D6D9424F0F70F0073300B /* CardCollectionViewCell.swift */; };
		C58D575424F3505700FE01EC /* HomeViewController.swift in Sources */ = {isa = PBXBuildFile; fileRef = C58D575324F3505700FE01EC /* HomeViewController.swift */; };
/* End PBXBuildFile section */

/* Begin PBXFileReference section */
		C56D6D7924F0CE9A0073300B /* MatchUpApp.app */ = {isa = PBXFileReference; explicitFileType = wrapper.application; includeInIndex = 0; path = MatchUpApp.app; sourceTree = BUILT_PRODUCTS_DIR; };
		C56D6D7C24F0CE9A0073300B /* AppDelegate.swift */ = {isa = PBXFileReference; lastKnownFileType = sourcecode.swift; path = AppDelegate.swift; sourceTree = "<group>"; };
		C56D6D7E24F0CE9A0073300B /* SceneDelegate.swift */ = {isa = PBXFileReference; lastKnownFileType = sourcecode.swift; path = SceneDelegate.swift; sourceTree = "<group>"; };
		C56D6D8024F0CE9A0073300B /* ViewController.swift */ = {isa = PBXFileReference; lastKnownFileType = sourcecode.swift; path = ViewController.swift; sourceTree = "<group>"; };
		C56D6D8324F0CE9A0073300B /* Base */ = {isa = PBXFileReference; lastKnownFileType = file.storyboard; name = Base; path = Base.lproj/Main.storyboard; sourceTree = "<group>"; };
		C56D6D8524F0CE9C0073300B /* Assets.xcassets */ = {isa = PBXFileReference; lastKnownFileType = folder.assetcatalog; path = Assets.xcassets; sourceTree = "<group>"; };
		C56D6D8824F0CE9C0073300B /* Base */ = {isa = PBXFileReference; lastKnownFileType = file.storyboard; name = Base; path = Base.lproj/LaunchScreen.storyboard; sourceTree = "<group>"; };
		C56D6D8A24F0CE9C0073300B /* Info.plist */ = {isa = PBXFileReference; lastKnownFileType = text.plist.xml; path = Info.plist; sourceTree = "<group>"; };
		C56D6D9024F0EDE80073300B /* CardModel.swift */ = {isa = PBXFileReference; lastKnownFileType = sourcecode.swift; path = CardModel.swift; sourceTree = "<group>"; };
		C56D6D9224F0EEC50073300B /* Card.swift */ = {isa = PBXFileReference; lastKnownFileType = sourcecode.swift; path = Card.swift; sourceTree = "<group>"; };
		C56D6D9424F0F70F0073300B /* CardCollectionViewCell.swift */ = {isa = PBXFileReference; lastKnownFileType = sourcecode.swift; path = CardCollectionViewCell.swift; sourceTree = "<group>"; };
		C58D575324F3505700FE01EC /* HomeViewController.swift */ = {isa = PBXFileReference; lastKnownFileType = sourcecode.swift; path = HomeViewController.swift; sourceTree = "<group>"; };
/* End PBXFileReference section */

/* Begin PBXFrameworksBuildPhase section */
		C56D6D7624F0CE9A0073300B /* Frameworks */ = {
			isa = PBXFrameworksBuildPhase;
			buildActionMask = 2147483647;
			files = (
			);
			runOnlyForDeploymentPostprocessing = 0;
		};
/* End PBXFrameworksBuildPhase section */

/* Begin PBXGroup section */
		C56D6D7024F0CE9A0073300B = {
			isa = PBXGroup;
			children = (
				C56D6D7B24F0CE9A0073300B /* MatchUpApp */,
				C56D6D7A24F0CE9A0073300B /* Products */,
			);
			sourceTree = "<group>";
		};
		C56D6D7A24F0CE9A0073300B /* Products */ = {
			isa = PBXGroup;
			children = (
				C56D6D7924F0CE9A0073300B /* MatchUpApp.app */,
			);
			name = Products;
			sourceTree = "<group>";
		};
		C56D6D7B24F0CE9A0073300B /* MatchUpApp */ = {
			isa = PBXGroup;
			children = (
				C56D6D7C24F0CE9A0073300B /* AppDelegate.swift */,
				C56D6D7E24F0CE9A0073300B /* SceneDelegate.swift */,
				C56D6D8024F0CE9A0073300B /* ViewController.swift */,
				C58D575324F3505700FE01EC /* HomeViewController.swift */,
				C56D6D9224F0EEC50073300B /* Card.swift */,
				C56D6D9024F0EDE80073300B /* CardModel.swift */,
				C56D6D9424F0F70F0073300B /* CardCollectionViewCell.swift */,
				C56D6D8224F0CE9A0073300B /* Main.storyboard */,
				C56D6D8524F0CE9C0073300B /* Assets.xcassets */,
				C56D6D8724F0CE9C0073300B /* LaunchScreen.storyboard */,
				C56D6D8A24F0CE9C0073300B /* Info.plist */,
			);
			path = MatchUpApp;
			sourceTree = "<group>";
		};
/* End PBXGroup section */

/* Begin PBXNativeTarget section */
		C56D6D7824F0CE9A0073300B /* MatchUpApp */ = {
			isa = PBXNativeTarget;
			buildConfigurationList = C56D6D8D24F0CE9C0073300B /* Build configuration list for PBXNativeTarget "MatchUpApp" */;
			buildPhases = (
				C56D6D7524F0CE9A0073300B /* Sources */,
				C56D6D7624F0CE9A0073300B /* Frameworks */,
				C56D6D7724F0CE9A0073300B /* Resources */,
			);
			buildRules = (
			);
			dependencies = (
			);
			name = MatchUpApp;
			productName = MatchUpApp;
			productReference = C56D6D7924F0CE9A0073300B /* MatchUpApp.app */;
			productType = "com.apple.product-type.application";
		};
/* End PBXNativeTarget section */

/* Begin PBXProject section */
		C56D6D7124F0CE9A0073300B /* Project object */ = {
			isa = PBXProject;
			attributes = {
				LastSwiftUpdateCheck = 1130;
				LastUpgradeCheck = 1130;
				ORGANIZATIONNAME = "Tianhui Zhou";
				TargetAttributes = {
					C56D6D7824F0CE9A0073300B = {
						CreatedOnToolsVersion = 11.3.1;
					};
				};
			};
			buildConfigurationList = C56D6D7424F0CE9A0073300B /* Build configuration list for PBXProject "MatchUpApp" */;
			compatibilityVersion = "Xcode 9.3";
			developmentRegion = en;
			hasScannedForEncodings = 0;
			knownRegions = (
				en,
				Base,
			);
			mainGroup = C56D6D7024F0CE9A0073300B;
			productRefGroup = C56D6D7A24F0CE9A0073300B /* Products */;
			projectDirPath = "";
			projectRoot = "";
			targets = (
				C56D6D7824F0CE9A0073300B /* MatchUpApp */,
			);
		};
/* End PBXProject section */

/* Begin PBXResourcesBuildPhase section */
		C56D6D7724F0CE9A0073300B /* Resources */ = {
			isa = PBXResourcesBuildPhase;
			buildActionMask = 2147483647;
			files = (
				C56D6D8924F0CE9C0073300B /* LaunchScreen.storyboard in Resources */,
				C56D6D8624F0CE9C0073300B /* Assets.xcassets in Resources */,
				C56D6D8424F0CE9A0073300B /* Main.storyboard in Resources */,
			);
			runOnlyForDeploymentPostprocessing = 0;
		};
/* End PBXResourcesBuildPhase section */

/* Begin PBXSourcesBuildPhase section */
		C56D6D7524F0CE9A0073300B /* Sources */ = {
			isa = PBXSourcesBuildPhase;
			buildActionMask = 2147483647;
			files = (
				C56D6D8124F0CE9A0073300B /* ViewController.swift in Sources */,
				C56D6D9124F0EDE80073300B /* CardModel.swift in Sources */,
				C56D6D9324F0EEC50073300B /* Card.swift in Sources */,
				C56D6D7D24F0CE9A0073300B /* AppDelegate.swift in Sources */,
				C56D6D9524F0F70F0073300B /* CardCollectionViewCell.swift in Sources */,
				C58D575424F3505700FE01EC /* HomeViewController.swift in Sources */,
				C56D6D7F24F0CE9A0073300B /* SceneDelegate.swift in Sources */,
			);
			runOnlyForDeploymentPostprocessing = 0;
		};
/* End PBXSourcesBuildPhase section */

/* Begin PBXVariantGroup section */
		C56D6D8224F0CE9A0073300B /* Main.storyboard */ = {
			isa = PBXVariantGroup;
			children = (
				C56D6D8324F0CE9A0073300B /* Base */,
			);
			name = Main.storyboard;
			sourceTree = "<group>";
		};
		C56D6D8724F0CE9C0073300B /* LaunchScreen.storyboard */ = {
			isa = PBXVariantGroup;
			children = (
				C56D6D8824F0CE9C0073300B /* Base */,
			);
			name = LaunchScreen.storyboard;
			sourceTree = "<group>";
		};
/* End PBXVariantGroup section */

/* Begin XCBuildConfiguration section */
		C56D6D8B24F0CE9C0073300B /* Debug */ = {
			isa = XCBuildConfiguration;
			buildSettings = {
				ALWAYS_SEARCH_USER_PATHS = NO;
				CLANG_ANALYZER_NONNULL = YES;
				CLANG_ANALYZER_NUMBER_OBJECT_CONVERSION = YES_AGGRESSIVE;
				CLANG_CXX_LANGUAGE_STANDARD = "gnu++14";
				CLANG_CXX_LIBRARY = "libc++";
				CLANG_ENABLE_MODULES = YES;
				CLANG_ENABLE_OBJC_ARC = YES;
				CLANG_ENABLE_OBJC_WEAK = YES;
				CLANG_WARN_BLOCK_CAPTURE_AUTORELEASING = YES;
				CLANG_WARN_BOOL_CONVERSION = YES;
				CLANG_WARN_COMMA = YES;
				CLANG_WARN_CONSTANT_CONVERSION = YES;
				CLANG_WARN_DEPRECATED_OBJC_IMPLEMENTATIONS = YES;
				CLANG_WARN_DIRECT_OBJC_ISA_USAGE = YES_ERROR;
				CLANG_WARN_DOCUMENTATION_COMMENTS = YES;
				CLANG_WARN_EMPTY_BODY = YES;
				CLANG_WARN_ENUM_CONVERSION = YES;
				CLANG_WARN_INFINITE_RECURSION = YES;
				CLANG_WARN_INT_CONVERSION = YES;
				CLANG_WARN_NON_LITERAL_NULL_CONVERSION = YES;
				CLANG_WARN_OBJC_IMPLICIT_RETAIN_SELF = YES;
				CLANG_WARN_OBJC_LITERAL_CONVERSION = YES;
				CLANG_WARN_OBJC_ROOT_CLASS = YES_ERROR;
				CLANG_WARN_RANGE_LOOP_ANALYSIS = YES;
				CLANG_WARN_STRICT_PROTOTYPES = YES;
				CLANG_WARN_SUSPICIOUS_MOVE = YES;
				CLANG_WARN_UNGUARDED_AVAILABILITY = YES_AGGRESSIVE;
				CLANG_WARN_UNREACHABLE_CODE = YES;
				CLANG_WARN__DUPLICATE_METHOD_MATCH = YES;
				COPY_PHASE_STRIP = NO;
				DEBUG_INFORMATION_FORMAT = dwarf;
				ENABLE_STRICT_OBJC_MSGSEND = YES;
				ENABLE_TESTABILITY = YES;
				GCC_C_LANGUAGE_STANDARD = gnu11;
				GCC_DYNAMIC_NO_PIC = NO;
				GCC_NO_COMMON_BLOCKS = YES;
				GCC_OPTIMIZATION_LEVEL = 0;
				GCC_PREPROCESSOR_DEFINITIONS = (
					"DEBUG=1",
					"$(inherited)",
				);
				GCC_WARN_64_TO_32_BIT_CONVERSION = YES;
				GCC_WARN_ABOUT_RETURN_TYPE = YES_ERROR;
				GCC_WARN_UNDECLARED_SELECTOR = YES;
				GCC_WARN_UNINITIALIZED_AUTOS = YES_AGGRESSIVE;
				GCC_WARN_UNUSED_FUNCTION = YES;
				GCC_WARN_UNUSED_VARIABLE = YES;
				IPHONEOS_DEPLOYMENT_TARGET = 13.2;
				MTL_ENABLE_DEBUG_INFO = INCLUDE_SOURCE;
				MTL_FAST_MATH = YES;
				ONLY_ACTIVE_ARCH = YES;
				SDKROOT = iphoneos;
				SWIFT_ACTIVE_COMPILATION_CONDITIONS = DEBUG;
				SWIFT_OPTIMIZATION_LEVEL = "-Onone";
			};
			name = Debug;
		};
		C56D6D8C24F0CE9C0073300B /* Release */ = {
			isa = XCBuildConfiguration;
			buildSettings = {
				ALWAYS_SEARCH_USER_PATHS = NO;
				CLANG_ANALYZER_NONNULL = YES;
				CLANG_ANALYZER_NUMBER_OBJECT_CONVERSION = YES_AGGRESSIVE;
				CLANG_CXX_LANGUAGE_STANDARD = "gnu++14";
				CLANG_CXX_LIBRARY = "libc++";
				CLANG_ENABLE_MODULES = YES;
				CLANG_ENABLE_OBJC_ARC = YES;
				CLANG_ENABLE_OBJC_WEAK = YES;
				CLANG_WARN_BLOCK_CAPTURE_AUTORELEASING = YES;
				CLANG_WARN_BOOL_CONVERSION = YES;
				CLANG_WARN_COMMA = YES;
				CLANG_WARN_CONSTANT_CONVERSION = YES;
				CLANG_WARN_DEPRECATED_OBJC_IMPLEMENTATIONS = YES;
				CLANG_WARN_DIRECT_OBJC_ISA_USAGE = YES_ERROR;
				CLANG_WARN_DOCUMENTATION_COMMENTS = YES;
				CLANG_WARN_EMPTY_BODY = YES;
				CLANG_WARN_ENUM_CONVERSION = YES;
				CLANG_WARN_INFINITE_RECURSION = YES;
				CLANG_WARN_INT_CONVERSION = YES;
				CLANG_WARN_NON_LITERAL_NULL_CONVERSION = YES;
				CLANG_WARN_OBJC_IMPLICIT_RETAIN_SELF = YES;
				CLANG_WARN_OBJC_LITERAL_CONVERSION = YES;
				CLANG_WARN_OBJC_ROOT_CLASS = YES_ERROR;
				CLANG_WARN_RANGE_LOOP_ANALYSIS = YES;
				CLANG_WARN_STRICT_PROTOTYPES = YES;
				CLANG_WARN_SUSPICIOUS_MOVE = YES;
				CLANG_WARN_UNGUARDED_AVAILABILITY = YES_AGGRESSIVE;
				CLANG_WARN_UNREACHABLE_CODE = YES;
				CLANG_WARN__DUPLICATE_METHOD_MATCH = YES;
				COPY_PHASE_STRIP = NO;
				DEBUG_INFORMATION_FORMAT = "dwarf-with-dsym";
				ENABLE_NS_ASSERTIONS = NO;
				ENABLE_STRICT_OBJC_MSGSEND = YES;
				GCC_C_LANGUAGE_STANDARD = gnu11;
				GCC_NO_COMMON_BLOCKS = YES;
				GCC_WARN_64_TO_32_BIT_CONVERSION = YES;
				GCC_WARN_ABOUT_RETURN_TYPE = YES_ERROR;
				GCC_WARN_UNDECLARED_SELECTOR = YES;
				GCC_WARN_UNINITIALIZED_AUTOS = YES_AGGRESSIVE;
				GCC_WARN_UNUSED_FUNCTION = YES;
				GCC_WARN_UNUSED_VARIABLE = YES;
				IPHONEOS_DEPLOYMENT_TARGET = 13.2;
				MTL_ENABLE_DEBUG_INFO = NO;
				MTL_FAST_MATH = YES;
				SDKROOT = iphoneos;
				SWIFT_COMPILATION_MODE = wholemodule;
				SWIFT_OPTIMIZATION_LEVEL = "-O";
				VALIDATE_PRODUCT = YES;
			};
			name = Release;
		};
		C56D6D8E24F0CE9C0073300B /* Debug */ = {
			isa = XCBuildConfiguration;
			buildSettings = {
				ASSETCATALOG_COMPILER_APPICON_NAME = AppIcon;
				CODE_SIGN_STYLE = Automatic;
				DEVELOPMENT_TEAM = K437L26D6M;
				INFOPLIST_FILE = MatchUpApp/Info.plist;
				IPHONEOS_DEPLOYMENT_TARGET = 13.6;
				LD_RUNPATH_SEARCH_PATHS = (
					"$(inherited)",
					"@executable_path/Frameworks",
				);
				PRODUCT_BUNDLE_IDENTIFIER = com.Bobbyz.MatchUpApp;
				PRODUCT_NAME = "$(TARGET_NAME)";
				SWIFT_VERSION = 5.0;
				TARGETED_DEVICE_FAMILY = "1,2";
			};
			name = Debug;
		};
		C56D6D8F24F0CE9C0073300B /* Release */ = {
			isa = XCBuildConfiguration;
			buildSettings = {
				ASSETCATALOG_COMPILER_APPICON_NAME = AppIcon;
				CODE_SIGN_STYLE = Automatic;
				DEVELOPMENT_TEAM = K437L26D6M;
				INFOPLIST_FILE = MatchUpApp/Info.plist;
				IPHONEOS_DEPLOYMENT_TARGET = 13.6;
				LD_RUNPATH_SEARCH_PATHS = (
					"$(inherited)",
					"@executable_path/Frameworks",
				);
				PRODUCT_BUNDLE_IDENTIFIER = com.Bobbyz.MatchUpApp;
				PRODUCT_NAME = "$(TARGET_NAME)";
				SWIFT_VERSION = 5.0;
				TARGETED_DEVICE_FAMILY = "1,2";
			};
			name = Release;
		};
/* End XCBuildConfiguration section */

/* Begin XCConfigurationList section */
		C56D6D7424F0CE9A0073300B /* Build configuration list for PBXProject "MatchUpApp" */ = {
			isa = XCConfigurationList;
			buildConfigurations = (
				C56D6D8B24F0CE9C0073300B /* Debug */,
				C56D6D8C24F0CE9C0073300B /* Release */,
			);
			defaultConfigurationIsVisible = 0;
			defaultConfigurationName = Release;
		};
		C56D6D8D24F0CE9C0073300B /* Build configuration list for PBXNativeTarget "MatchUpApp" */ = {
			isa = XCConfigurationList;
			buildConfigurations = (
				C56D6D8E24F0CE9C0073300B /* Debug */,
				C56D6D8F24F0CE9C0073300B /* Release */,
			);
			defaultConfigurationIsVisible = 0;
			defaultConfigurationName = Release;
		};
/* End XCConfigurationList section */
	};
	rootObject = C56D6D7124F0CE9A0073300B /* Project object */;
}
